// !$*UTF8*$!
{
	archiveVersion = 1;
	classes = {
	};
	objectVersion = 46;
	objects = {

/* Begin PBXBuildFile section */
		E1061D4D60D025106FEEA6BF /* Pods_RawX.framework in Frameworks */ = {isa = PBXBuildFile; fileRef = 9C279D851FA8F43AC436DDF7 /* Pods_RawX.framework */; };
		F5D0F54D1DA9C5BD005EC566 /* AppDelegate.swift in Sources */ = {isa = PBXBuildFile; fileRef = F5D0F54C1DA9C5BD005EC566 /* AppDelegate.swift */; };
		F5D0F54F1DA9C5BD005EC566 /* SigninVC.swift in Sources */ = {isa = PBXBuildFile; fileRef = F5D0F54E1DA9C5BD005EC566 /* SigninVC.swift */; };
		F5D0F5521DA9C5BD005EC566 /* Main.storyboard in Resources */ = {isa = PBXBuildFile; fileRef = F5D0F5501DA9C5BD005EC566 /* Main.storyboard */; };
		F5D0F5541DA9C5BD005EC566 /* Assets.xcassets in Resources */ = {isa = PBXBuildFile; fileRef = F5D0F5531DA9C5BD005EC566 /* Assets.xcassets */; };
		F5D0F5571DA9C5BD005EC566 /* LaunchScreen.storyboard in Resources */ = {isa = PBXBuildFile; fileRef = F5D0F5551DA9C5BD005EC566 /* LaunchScreen.storyboard */; };
		F5D0F55F1DA9C625005EC566 /* GoogleService-Info.plist in Resources */ = {isa = PBXBuildFile; fileRef = F5D0F55E1DA9C625005EC566 /* GoogleService-Info.plist */; };
/* End PBXBuildFile section */

/* Begin PBXFileReference section */
		35740664FB035A98D7CC43DC /* Pods-RawX.release.xcconfig */ = {isa = PBXFileReference; includeInIndex = 1; lastKnownFileType = text.xcconfig; name = "Pods-RawX.release.xcconfig"; path = "Pods/Target Support Files/Pods-RawX/Pods-RawX.release.xcconfig"; sourceTree = "<group>"; };
		3F96BA820CCF3603AF9A21C5 /* Pods-RawX.debug.xcconfig */ = {isa = PBXFileReference; includeInIndex = 1; lastKnownFileType = text.xcconfig; name = "Pods-RawX.debug.xcconfig"; path = "Pods/Target Support Files/Pods-RawX/Pods-RawX.debug.xcconfig"; sourceTree = "<group>"; };
		9C279D851FA8F43AC436DDF7 /* Pods_RawX.framework */ = {isa = PBXFileReference; explicitFileType = wrapper.framework; includeInIndex = 0; path = Pods_RawX.framework; sourceTree = BUILT_PRODUCTS_DIR; };
		F5D0F5491DA9C5BD005EC566 /* RawX.app */ = {isa = PBXFileReference; explicitFileType = wrapper.application; includeInIndex = 0; path = RawX.app; sourceTree = BUILT_PRODUCTS_DIR; };
		F5D0F54C1DA9C5BD005EC566 /* AppDelegate.swift */ = {isa = PBXFileReference; lastKnownFileType = sourcecode.swift; path = AppDelegate.swift; sourceTree = "<group>"; };
		F5D0F54E1DA9C5BD005EC566 /* SigninVC.swift */ = {isa = PBXFileReference; lastKnownFileType = sourcecode.swift; path = SigninVC.swift; sourceTree = "<group>"; };
		F5D0F5511DA9C5BD005EC566 /* Base */ = {isa = PBXFileReference; lastKnownFileType = file.storyboard; name = Base; path = Base.lproj/Main.storyboard; sourceTree = "<group>"; };
		F5D0F5531DA9C5BD005EC566 /* Assets.xcassets */ = {isa = PBXFileReference; lastKnownFileType = folder.assetcatalog; path = Assets.xcassets; sourceTree = "<group>"; };
		F5D0F5561DA9C5BD005EC566 /* Base */ = {isa = PBXFileReference; lastKnownFileType = file.storyboard; name = Base; path = Base.lproj/LaunchScreen.storyboard; sourceTree = "<group>"; };
		F5D0F5581DA9C5BD005EC566 /* Info.plist */ = {isa = PBXFileReference; lastKnownFileType = text.plist.xml; path = Info.plist; sourceTree = "<group>"; };
		F5D0F55E1DA9C625005EC566 /* GoogleService-Info.plist */ = {isa = PBXFileReference; fileEncoding = 4; lastKnownFileType = text.plist.xml; path = "GoogleService-Info.plist"; sourceTree = "<group>"; };
/* End PBXFileReference section */

/* Begin PBXFrameworksBuildPhase section */
		F5D0F5461DA9C5BD005EC566 /* Frameworks */ = {
			isa = PBXFrameworksBuildPhase;
			buildActionMask = 2147483647;
			files = (
				E1061D4D60D025106FEEA6BF /* Pods_RawX.framework in Frameworks */,
			);
			runOnlyForDeploymentPostprocessing = 0;
		};
/* End PBXFrameworksBuildPhase section */

/* Begin PBXGroup section */
		32B6C45F347D14A86DC2F12E /* Pods */ = {
			isa = PBXGroup;
			children = (
				3F96BA820CCF3603AF9A21C5 /* Pods-RawX.debug.xcconfig */,
				35740664FB035A98D7CC43DC /* Pods-RawX.release.xcconfig */,
			);
			name = Pods;
			sourceTree = "<group>";
		};
		35A9F1797CE3B9DFD1B83CBB /* Frameworks */ = {
			isa = PBXGroup;
			children = (
				9C279D851FA8F43AC436DDF7 /* Pods_RawX.framework */,
			);
			name = Frameworks;
			sourceTree = "<group>";
		};
		F5D0F5401DA9C5BD005EC566 = {
			isa = PBXGroup;
			children = (
				F5D0F54B1DA9C5BD005EC566 /* RawX */,
				F5D0F54A1DA9C5BD005EC566 /* Products */,
				32B6C45F347D14A86DC2F12E /* Pods */,
				35A9F1797CE3B9DFD1B83CBB /* Frameworks */,
			);
			sourceTree = "<group>";
		};
		F5D0F54A1DA9C5BD005EC566 /* Products */ = {
			isa = PBXGroup;
			children = (
				F5D0F5491DA9C5BD005EC566 /* RawX.app */,
			);
			name = Products;
			sourceTree = "<group>";
		};
		F5D0F54B1DA9C5BD005EC566 /* RawX */ = {
			isa = PBXGroup;
			children = (
				F5D0F5621DA9C8DE005EC566 /* Controller */,
				F5D0F5611DA9C8D8005EC566 /* View */,
				F5D0F5601DA9C8D0005EC566 /* Model */,
				F5D0F54C1DA9C5BD005EC566 /* AppDelegate.swift */,
				F5D0F54E1DA9C5BD005EC566 /* SigninVC.swift */,
				F5D0F5501DA9C5BD005EC566 /* Main.storyboard */,
				F5D0F5531DA9C5BD005EC566 /* Assets.xcassets */,
				F5D0F5551DA9C5BD005EC566 /* LaunchScreen.storyboard */,
				F5D0F5581DA9C5BD005EC566 /* Info.plist */,
				F5D0F55E1DA9C625005EC566 /* GoogleService-Info.plist */,
			);
			path = RawX;
			sourceTree = "<group>";
		};
		F5D0F5601DA9C8D0005EC566 /* Model */ = {
			isa = PBXGroup;
			children = (
			);
			name = Model;
			sourceTree = "<group>";
		};
		F5D0F5611DA9C8D8005EC566 /* View */ = {
			isa = PBXGroup;
			children = (
			);
			name = View;
			sourceTree = "<group>";
		};
		F5D0F5621DA9C8DE005EC566 /* Controller */ = {
			isa = PBXGroup;
			children = (
			);
			name = Controller;
			sourceTree = "<group>";
		};
/* End PBXGroup section */

/* Begin PBXNativeTarget section */
		F5D0F5481DA9C5BD005EC566 /* RawX */ = {
			isa = PBXNativeTarget;
			buildConfigurationList = F5D0F55B1DA9C5BD005EC566 /* Build configuration list for PBXNativeTarget "RawX" */;
			buildPhases = (
				55A3BC5FA9E49EC13A56F241 /* [CP] Check Pods Manifest.lock */,
				F5D0F5451DA9C5BD005EC566 /* Sources */,
				F5D0F5461DA9C5BD005EC566 /* Frameworks */,
				F5D0F5471DA9C5BD005EC566 /* Resources */,
				4001FC48DEEFD0A46F05B796 /* [CP] Embed Pods Frameworks */,
				2065907F4AF63D674DD8FBC5 /* [CP] Copy Pods Resources */,
			);
			buildRules = (
			);
			dependencies = (
			);
			name = RawX;
			productName = RawX;
			productReference = F5D0F5491DA9C5BD005EC566 /* RawX.app */;
			productType = "com.apple.product-type.application";
		};
/* End PBXNativeTarget section */

/* Begin PBXProject section */
		F5D0F5411DA9C5BD005EC566 /* Project object */ = {
			isa = PBXProject;
			attributes = {
				LastSwiftUpdateCheck = 0800;
				LastUpgradeCheck = 0800;
				ORGANIZATIONNAME = "Kevin Rogers";
				TargetAttributes = {
					F5D0F5481DA9C5BD005EC566 = {
						CreatedOnToolsVersion = 8.0;
						DevelopmentTeam = LYLQ8GH6Z4;
						ProvisioningStyle = Automatic;
					};
				};
			};
			buildConfigurationList = F5D0F5441DA9C5BD005EC566 /* Build configuration list for PBXProject "RawX" */;
			compatibilityVersion = "Xcode 3.2";
			developmentRegion = English;
			hasScannedForEncodings = 0;
			knownRegions = (
				en,
				Base,
			);
			mainGroup = F5D0F5401DA9C5BD005EC566;
			productRefGroup = F5D0F54A1DA9C5BD005EC566 /* Products */;
			projectDirPath = "";
			projectRoot = "";
			targets = (
				F5D0F5481DA9C5BD005EC566 /* RawX */,
			);
		};
/* End PBXProject section */

/* Begin PBXResourcesBuildPhase section */
		F5D0F5471DA9C5BD005EC566 /* Resources */ = {
			isa = PBXResourcesBuildPhase;
			buildActionMask = 2147483647;
			files = (
				F5D0F5571DA9C5BD005EC566 /* LaunchScreen.storyboard in Resources */,
				F5D0F5541DA9C5BD005EC566 /* Assets.xcassets in Resources */,
				F5D0F5521DA9C5BD005EC566 /* Main.storyboard in Resources */,
				F5D0F55F1DA9C625005EC566 /* GoogleService-Info.plist in Resources */,
			);
			runOnlyForDeploymentPostprocessing = 0;
		};
/* End PBXResourcesBuildPhase section */

/* Begin PBXShellScriptBuildPhase section */
		2065907F4AF63D674DD8FBC5 /* [CP] Copy Pods Resources */ = {
			isa = PBXShellScriptBuildPhase;
			buildActionMask = 2147483647;
			files = (
			);
			inputPaths = (
			);
			name = "[CP] Copy Pods Resources";
			outputPaths = (
			);
			runOnlyForDeploymentPostprocessing = 0;
			shellPath = /bin/sh;
			shellScript = "\"${SRCROOT}/Pods/Target Support Files/Pods-RawX/Pods-RawX-resources.sh\"\n";
			showEnvVarsInLog = 0;
		};
		4001FC48DEEFD0A46F05B796 /* [CP] Embed Pods Frameworks */ = {
			isa = PBXShellScriptBuildPhase;
			buildActionMask = 2147483647;
			files = (
			);
			inputPaths = (
			);
			name = "[CP] Embed Pods Frameworks";
			outputPaths = (
			);
			runOnlyForDeploymentPostprocessing = 0;
			shellPath = /bin/sh;
			shellScript = "\"${SRCROOT}/Pods/Target Support Files/Pods-RawX/Pods-RawX-frameworks.sh\"\n";
			showEnvVarsInLog = 0;
		};
		55A3BC5FA9E49EC13A56F241 /* [CP] Check Pods Manifest.lock */ = {
			isa = PBXShellScriptBuildPhase;
			buildActionMask = 2147483647;
			files = (
			);
			inputPaths = (
			);
			name = "[CP] Check Pods Manifest.lock";
			outputPaths = (
			);
			runOnlyForDeploymentPostprocessing = 0;
			shellPath = /bin/sh;
			shellScript = "diff \"${PODS_ROOT}/../Podfile.lock\" \"${PODS_ROOT}/Manifest.lock\" > /dev/null\nif [[ $? != 0 ]] ; then\n    cat << EOM\nerror: The sandbox is not in sync with the Podfile.lock. Run 'pod install' or update your CocoaPods installation.\nEOM\n    exit 1\nfi\n";
			showEnvVarsInLog = 0;
		};
/* End PBXShellScriptBuildPhase section */

/* Begin PBXSourcesBuildPhase section */
		F5D0F5451DA9C5BD005EC566 /* Sources */ = {
			isa = PBXSourcesBuildPhase;
			buildActionMask = 2147483647;
			files = (
				F5D0F54F1DA9C5BD005EC566 /* SigninVC.swift in Sources */,
				F5D0F54D1DA9C5BD005EC566 /* AppDelegate.swift in Sources */,
			);
			runOnlyForDeploymentPostprocessing = 0;
		};
/* End PBXSourcesBuildPhase section */

/* Begin PBXVariantGroup section */
		F5D0F5501DA9C5BD005EC566 /* Main.storyboard */ = {
			isa = PBXVariantGroup;
			children = (
				F5D0F5511DA9C5BD005EC566 /* Base */,
			);
			name = Main.storyboard;
			sourceTree = "<group>";
		};
		F5D0F5551DA9C5BD005EC566 /* LaunchScreen.storyboard */ = {
			isa = PBXVariantGroup;
			children = (
				F5D0F5561DA9C5BD005EC566 /* Base */,
			);
			name = LaunchScreen.storyboard;
			sourceTree = "<group>";
		};
/* End PBXVariantGroup section */

/* Begin XCBuildConfiguration section */
		F5D0F5591DA9C5BD005EC566 /* Debug */ = {
			isa = XCBuildConfiguration;
			buildSettings = {
				ALWAYS_SEARCH_USER_PATHS = NO;
				CLANG_ANALYZER_NONNULL = YES;
				CLANG_CXX_LANGUAGE_STANDARD = "gnu++0x";
				CLANG_CXX_LIBRARY = "libc++";
				CLANG_ENABLE_MODULES = YES;
				CLANG_ENABLE_OBJC_ARC = YES;
				CLANG_WARN_BOOL_CONVERSION = YES;
				CLANG_WARN_CONSTANT_CONVERSION = YES;
				CLANG_WARN_DIRECT_OBJC_ISA_USAGE = YES_ERROR;
				CLANG_WARN_DOCUMENTATION_COMMENTS = YES;
				CLANG_WARN_EMPTY_BODY = YES;
				CLANG_WARN_ENUM_CONVERSION = YES;
				CLANG_WARN_INFINITE_RECURSION = YES;
				CLANG_WARN_INT_CONVERSION = YES;
				CLANG_WARN_OBJC_ROOT_CLASS = YES_ERROR;
				CLANG_WARN_SUSPICIOUS_MOVES = YES;
				CLANG_WARN_UNREACHABLE_CODE = YES;
				CLANG_WARN__DUPLICATE_METHOD_MATCH = YES;
				"CODE_SIGN_IDENTITY[sdk=iphoneos*]" = "iPhone Developer";
				COPY_PHASE_STRIP = NO;
				DEBUG_INFORMATION_FORMAT = dwarf;
				ENABLE_STRICT_OBJC_MSGSEND = YES;
				ENABLE_TESTABILITY = YES;
				GCC_C_LANGUAGE_STANDARD = gnu99;
				GCC_DYNAMIC_NO_PIC = NO;
				GCC_NO_COMMON_BLOCKS = YES;
				GCC_OPTIMIZATION_LEVEL = 0;
				GCC_PREPROCESSOR_DEFINITIONS = (
					"DEBUG=1",
					"$(inherited)",
				);
				GCC_WARN_64_TO_32_BIT_CONVERSION = YES;
				GCC_WARN_ABOUT_RETURN_TYPE = YES_ERROR;
				GCC_WARN_UNDECLARED_SELECTOR = YES;
				GCC_WARN_UNINITIALIZED_AUTOS = YES_AGGRESSIVE;
				GCC_WARN_UNUSED_FUNCTION = YES;
				GCC_WARN_UNUSED_VARIABLE = YES;
				IPHONEOS_DEPLOYMENT_TARGET = 10.0;
				MTL_ENABLE_DEBUG_INFO = YES;
				ONLY_ACTIVE_ARCH = YES;
				SDKROOT = iphoneos;
				SWIFT_ACTIVE_COMPILATION_CONDITIONS = DEBUG;
				SWIFT_OPTIMIZATION_LEVEL = "-Onone";
				TARGETED_DEVICE_FAMILY = "1,2";
			};
			name = Debug;
		};
		F5D0F55A1DA9C5BD005EC566 /* Release */ = {
			isa = XCBuildConfiguration;
			buildSettings = {
				ALWAYS_SEARCH_USER_PATHS = NO;
				CLANG_ANALYZER_NONNULL = YES;
				CLANG_CXX_LANGUAGE_STANDARD = "gnu++0x";
				CLANG_CXX_LIBRARY = "libc++";
				CLANG_ENABLE_MODULES = YES;
				CLANG_ENABLE_OBJC_ARC = YES;
				CLANG_WARN_BOOL_CONVERSION = YES;
				CLANG_WARN_CONSTANT_CONVERSION = YES;
				CLANG_WARN_DIRECT_OBJC_ISA_USAGE = YES_ERROR;
				CLANG_WARN_DOCUMENTATION_COMMENTS = YES;
				CLANG_WARN_EMPTY_BODY = YES;
				CLANG_WARN_ENUM_CONVERSION = YES;
				CLANG_WARN_INFINITE_RECURSION = YES;
				CLANG_WARN_INT_CONVERSION = YES;
				CLANG_WARN_OBJC_ROOT_CLASS = YES_ERROR;
				CLANG_WARN_SUSPICIOUS_MOVES = YES;
				CLANG_WARN_UNREACHABLE_CODE = YES;
				CLANG_WARN__DUPLICATE_METHOD_MATCH = YES;
				"CODE_SIGN_IDENTITY[sdk=iphoneos*]" = "iPhone Developer";
				COPY_PHASE_STRIP = NO;
				DEBUG_INFORMATION_FORMAT = "dwarf-with-dsym";
				ENABLE_NS_ASSERTIONS = NO;
				ENABLE_STRICT_OBJC_MSGSEND = YES;
				GCC_C_LANGUAGE_STANDARD = gnu99;
				GCC_NO_COMMON_BLOCKS = YES;
				GCC_WARN_64_TO_32_BIT_CONVERSION = YES;
				GCC_WARN_ABOUT_RETURN_TYPE = YES_ERROR;
				GCC_WARN_UNDECLARED_SELECTOR = YES;
				GCC_WARN_UNINITIALIZED_AUTOS = YES_AGGRESSIVE;
				GCC_WARN_UNUSED_FUNCTION = YES;
				GCC_WARN_UNUSED_VARIABLE = YES;
				IPHONEOS_DEPLOYMENT_TARGET = 10.0;
				MTL_ENABLE_DEBUG_INFO = NO;
				SDKROOT = iphoneos;
				SWIFT_OPTIMIZATION_LEVEL = "-Owholemodule";
				TARGETED_DEVICE_FAMILY = "1,2";
				VALIDATE_PRODUCT = YES;
			};
			name = Release;
		};
		F5D0F55C1DA9C5BD005EC566 /* Debug */ = {
			isa = XCBuildConfiguration;
			baseConfigurationReference = 3F96BA820CCF3603AF9A21C5 /* Pods-RawX.debug.xcconfig */;
			buildSettings = {
				ASSETCATALOG_COMPILER_APPICON_NAME = AppIcon;
				DEVELOPMENT_TEAM = LYLQ8GH6Z4;
				INFOPLIST_FILE = RawX/Info.plist;
				LD_RUNPATH_SEARCH_PATHS = "$(inherited) @executable_path/Frameworks";
				PRODUCT_BUNDLE_IDENTIFIER = com.kevinrogers.RawX.RawX;
				PRODUCT_NAME = "$(TARGET_NAME)";
				SWIFT_VERSION = 3.0;
			};
			name = Debug;
		};
		F5D0F55D1DA9C5BD005EC566 /* Release */ = {
			isa = XCBuildConfiguration;
			baseConfigurationReference = 35740664FB035A98D7CC43DC /* Pods-RawX.release.xcconfig */;
			buildSettings = {
				ASSETCATALOG_COMPILER_APPICON_NAME = AppIcon;
				DEVELOPMENT_TEAM = LYLQ8GH6Z4;
				INFOPLIST_FILE = RawX/Info.plist;
				LD_RUNPATH_SEARCH_PATHS = "$(inherited) @executable_path/Frameworks";
				PRODUCT_BUNDLE_IDENTIFIER = com.kevinrogers.RawX.RawX;
				PRODUCT_NAME = "$(TARGET_NAME)";
				SWIFT_VERSION = 3.0;
			};
			name = Release;
		};
/* End XCBuildConfiguration section */

/* Begin XCConfigurationList section */
		F5D0F5441DA9C5BD005EC566 /* Build configuration list for PBXProject "RawX" */ = {
			isa = XCConfigurationList;
			buildConfigurations = (
				F5D0F5591DA9C5BD005EC566 /* Debug */,
				F5D0F55A1DA9C5BD005EC566 /* Release */,
			);
			defaultConfigurationIsVisible = 0;
			defaultConfigurationName = Release;
		};
		F5D0F55B1DA9C5BD005EC566 /* Build configuration list for PBXNativeTarget "RawX" */ = {
			isa = XCConfigurationList;
			buildConfigurations = (
				F5D0F55C1DA9C5BD005EC566 /* Debug */,
				F5D0F55D1DA9C5BD005EC566 /* Release */,
			);
			defaultConfigurationIsVisible = 0;
			defaultConfigurationName = Release;
		};
/* End XCConfigurationList section */
	};
	rootObject = F5D0F5411DA9C5BD005EC566 /* Project object */;
}
